
Microsoft Visual Studio Solution File, Format Version 12.00
# Visual Studio Version 17
VisualStudioVersion = 17.9.34728.123
MinimumVisualStudioVersion = 10.0.40219.1
Project("{FAE04EC0-301F-11D3-BF4B-00C04F79EFBC}") = "calculadora.jcy", "calculadora.jcy\calculadora.jcy.csproj", "{DF0B5E33-CEFF-4EBE-AE89-BB024FBE5259}"
EndProject
Global
	GlobalSection(SolutionConfigurationPlatforms) = preSolution
		Debug|Any CPU = Debug|Any CPU
		Release|Any CPU = Release|Any CPU
	EndGlobalSection
	GlobalSection(ProjectConfigurationPlatforms) = postSolution
		{DF0B5E33-CEFF-4EBE-AE89-BB024FBE5259}.Debug|Any CPU.ActiveCfg = Debug|Any CPU
		{DF0B5E33-CEFF-4EBE-AE89-BB024FBE5259}.Debug|Any CPU.Build.0 = Debug|Any CPU
		{DF0B5E33-CEFF-4EBE-AE89-BB024FBE5259}.Release|Any CPU.ActiveCfg = Release|Any CPU
		{DF0B5E33-CEFF-4EBE-AE89-BB024FBE5259}.Release|Any CPU.Build.0 = Release|Any CPU
	EndGlobalSection
	GlobalSection(SolutionProperties) = preSolution
		HideSolutionNode = FALSE
	EndGlobalSection
	GlobalSection(ExtensibilityGlobals) = postSolution
		SolutionGuid = {E3790896-77D3-4C10-8A26-576CA1C5DF49}
	EndGlobalSection
EndGlobal
